{
  "name": "Techbulls-Turtlemint-PRO",
  "requires": true,
  "lockfileVersion": 1,
  "dependencies": {
    "json-formatter-js": {
      "version": "2.2.1",
      "resolved": "http://nexus.turtlemint.com/repository/npm-group/json-formatter-js/-/json-formatter-js-2.2.1.tgz",
      "integrity": "sha1-sQHWKOhvAo3Jz5p+HIPGXlNsn4c="
    }
  }
}
